// !$*UTF8*$!
{
	archiveVersion = 1;
	classes = {
	};
	objectVersion = 56;
	objects = {

/* Begin PBXBuildFile section */
		7C1AA62A2A2E229500A98922 /* AppDelegate.swift in Sources */ = {isa = PBXBuildFile; fileRef = 7C1AA6292A2E229500A98922 /* AppDelegate.swift */; };
		7C1AA62C2A2E229500A98922 /* SceneDelegate.swift in Sources */ = {isa = PBXBuildFile; fileRef = 7C1AA62B2A2E229500A98922 /* SceneDelegate.swift */; };
		7C1AA62E2A2E229500A98922 /* MainViewController.swift in Sources */ = {isa = PBXBuildFile; fileRef = 7C1AA62D2A2E229500A98922 /* MainViewController.swift */; };
		7C1AA6332A2E229600A98922 /* Assets.xcassets in Resources */ = {isa = PBXBuildFile; fileRef = 7C1AA6322A2E229600A98922 /* Assets.xcassets */; };
		7C1AA6362A2E229600A98922 /* LaunchScreen.storyboard in Resources */ = {isa = PBXBuildFile; fileRef = 7C1AA6342A2E229600A98922 /* LaunchScreen.storyboard */; };
		7C1AA63F2A2E244100A98922 /* FgtPwdViewController.swift in Sources */ = {isa = PBXBuildFile; fileRef = 7C1AA63E2A2E244100A98922 /* FgtPwdViewController.swift */; };
		7C1AA6412A2E244D00A98922 /* RegisterViewController.swift in Sources */ = {isa = PBXBuildFile; fileRef = 7C1AA6402A2E244D00A98922 /* RegisterViewController.swift */; };
		7C1AA6432A2E245C00A98922 /* FinalViewController.swift in Sources */ = {isa = PBXBuildFile; fileRef = 7C1AA6422A2E245C00A98922 /* FinalViewController.swift */; };
		877AEBF3654ACE3893956267 /* Pods_3m_6hw.framework in Frameworks */ = {isa = PBXBuildFile; fileRef = EFD6C86A439EDF904B28A781 /* Pods_3m_6hw.framework */; };
/* End PBXBuildFile section */

/* Begin PBXFileReference section */
		7C1AA6262A2E229500A98922 /* 3m.6hw.app */ = {isa = PBXFileReference; explicitFileType = wrapper.application; includeInIndex = 0; path = 3m.6hw.app; sourceTree = BUILT_PRODUCTS_DIR; };
		7C1AA6292A2E229500A98922 /* AppDelegate.swift */ = {isa = PBXFileReference; lastKnownFileType = sourcecode.swift; path = AppDelegate.swift; sourceTree = "<group>"; };
		7C1AA62B2A2E229500A98922 /* SceneDelegate.swift */ = {isa = PBXFileReference; lastKnownFileType = sourcecode.swift; path = SceneDelegate.swift; sourceTree = "<group>"; };
		7C1AA62D2A2E229500A98922 /* MainViewController.swift */ = {isa = PBXFileReference; lastKnownFileType = sourcecode.swift; path = MainViewController.swift; sourceTree = "<group>"; };
		7C1AA6322A2E229600A98922 /* Assets.xcassets */ = {isa = PBXFileReference; lastKnownFileType = folder.assetcatalog; path = Assets.xcassets; sourceTree = "<group>"; };
		7C1AA6352A2E229600A98922 /* Base */ = {isa = PBXFileReference; lastKnownFileType = file.storyboard; name = Base; path = Base.lproj/LaunchScreen.storyboard; sourceTree = "<group>"; };
		7C1AA6372A2E229600A98922 /* Info.plist */ = {isa = PBXFileReference; lastKnownFileType = text.plist.xml; path = Info.plist; sourceTree = "<group>"; };
		7C1AA63E2A2E244100A98922 /* FgtPwdViewController.swift */ = {isa = PBXFileReference; lastKnownFileType = sourcecode.swift; path = FgtPwdViewController.swift; sourceTree = "<group>"; };
		7C1AA6402A2E244D00A98922 /* RegisterViewController.swift */ = {isa = PBXFileReference; lastKnownFileType = sourcecode.swift; path = RegisterViewController.swift; sourceTree = "<group>"; };
		7C1AA6422A2E245C00A98922 /* FinalViewController.swift */ = {isa = PBXFileReference; lastKnownFileType = sourcecode.swift; path = FinalViewController.swift; sourceTree = "<group>"; };
		87D7066B9987A3AC5D46D210 /* Pods-3m.6hw.release.xcconfig */ = {isa = PBXFileReference; includeInIndex = 1; lastKnownFileType = text.xcconfig; name = "Pods-3m.6hw.release.xcconfig"; path = "Target Support Files/Pods-3m.6hw/Pods-3m.6hw.release.xcconfig"; sourceTree = "<group>"; };
		AC4BB8387C15330398A35E4A /* Pods-3m.6hw.debug.xcconfig */ = {isa = PBXFileReference; includeInIndex = 1; lastKnownFileType = text.xcconfig; name = "Pods-3m.6hw.debug.xcconfig"; path = "Target Support Files/Pods-3m.6hw/Pods-3m.6hw.debug.xcconfig"; sourceTree = "<group>"; };
		EFD6C86A439EDF904B28A781 /* Pods_3m_6hw.framework */ = {isa = PBXFileReference; explicitFileType = wrapper.framework; includeInIndex = 0; path = Pods_3m_6hw.framework; sourceTree = BUILT_PRODUCTS_DIR; };
/* End PBXFileReference section */

/* Begin PBXFrameworksBuildPhase section */
		7C1AA6232A2E229500A98922 /* Frameworks */ = {
			isa = PBXFrameworksBuildPhase;
			buildActionMask = 2147483647;
			files = (
				877AEBF3654ACE3893956267 /* Pods_3m_6hw.framework in Frameworks */,
			);
			runOnlyForDeploymentPostprocessing = 0;
		};
/* End PBXFrameworksBuildPhase section */

/* Begin PBXGroup section */
		7C1AA61D2A2E229500A98922 = {
			isa = PBXGroup;
			children = (
				7C1AA63D2A2E241300A98922 /* controllers */,
				7C1AA6282A2E229500A98922 /* 3m.6hw */,
				7C1AA6272A2E229500A98922 /* Products */,
				F529D471DF31517304FC95BE /* Pods */,
				CD990B3D5E7A3FB293045A83 /* Frameworks */,
			);
			sourceTree = "<group>";
		};
		7C1AA6272A2E229500A98922 /* Products */ = {
			isa = PBXGroup;
			children = (
				7C1AA6262A2E229500A98922 /* 3m.6hw.app */,
			);
			name = Products;
			sourceTree = "<group>";
		};
		7C1AA6282A2E229500A98922 /* 3m.6hw */ = {
			isa = PBXGroup;
			children = (
				7C1AA6292A2E229500A98922 /* AppDelegate.swift */,
				7C1AA62B2A2E229500A98922 /* SceneDelegate.swift */,
				7C1AA6322A2E229600A98922 /* Assets.xcassets */,
				7C1AA6342A2E229600A98922 /* LaunchScreen.storyboard */,
				7C1AA6372A2E229600A98922 /* Info.plist */,
			);
			path = 3m.6hw;
			sourceTree = "<group>";
		};
		7C1AA63D2A2E241300A98922 /* controllers */ = {
			isa = PBXGroup;
			children = (
				7C1AA62D2A2E229500A98922 /* MainViewController.swift */,
				7C1AA6402A2E244D00A98922 /* RegisterViewController.swift */,
				7C1AA63E2A2E244100A98922 /* FgtPwdViewController.swift */,
				7C1AA6422A2E245C00A98922 /* FinalViewController.swift */,
			);
			path = controllers;
			sourceTree = "<group>";
		};
		CD990B3D5E7A3FB293045A83 /* Frameworks */ = {
			isa = PBXGroup;
			children = (
				EFD6C86A439EDF904B28A781 /* Pods_3m_6hw.framework */,
			);
			name = Frameworks;
			sourceTree = "<group>";
		};
		F529D471DF31517304FC95BE /* Pods */ = {
			isa = PBXGroup;
			children = (
				AC4BB8387C15330398A35E4A /* Pods-3m.6hw.debug.xcconfig */,
				87D7066B9987A3AC5D46D210 /* Pods-3m.6hw.release.xcconfig */,
			);
			path = Pods;
			sourceTree = "<group>";
		};
/* End PBXGroup section */

/* Begin PBXNativeTarget section */
		7C1AA6252A2E229500A98922 /* 3m.6hw */ = {
			isa = PBXNativeTarget;
			buildConfigurationList = 7C1AA63A2A2E229600A98922 /* Build configuration list for PBXNativeTarget "3m.6hw" */;
			buildPhases = (
				1F1CCA827A5DC13B04F74A06 /* [CP] Check Pods Manifest.lock */,
				7C1AA6222A2E229500A98922 /* Sources */,
				7C1AA6232A2E229500A98922 /* Frameworks */,
				7C1AA6242A2E229500A98922 /* Resources */,
				3D966DA59A92807AC8ECA701 /* [CP] Embed Pods Frameworks */,
			);
			buildRules = (
			);
			dependencies = (
			);
			name = 3m.6hw;
			productName = 3m.6hw;
			productReference = 7C1AA6262A2E229500A98922 /* 3m.6hw.app */;
			productType = "com.apple.product-type.application";
		};
/* End PBXNativeTarget section */

/* Begin PBXProject section */
		7C1AA61E2A2E229500A98922 /* Project object */ = {
			isa = PBXProject;
			attributes = {
				BuildIndependentTargetsInParallel = 1;
				LastSwiftUpdateCheck = 1430;
				LastUpgradeCheck = 1430;
				TargetAttributes = {
					7C1AA6252A2E229500A98922 = {
						CreatedOnToolsVersion = 14.3.1;
					};
				};
			};
			buildConfigurationList = 7C1AA6212A2E229500A98922 /* Build configuration list for PBXProject "3m.6hw" */;
			compatibilityVersion = "Xcode 14.0";
			developmentRegion = en;
			hasScannedForEncodings = 0;
			knownRegions = (
				en,
				Base,
			);
			mainGroup = 7C1AA61D2A2E229500A98922;
			productRefGroup = 7C1AA6272A2E229500A98922 /* Products */;
			projectDirPath = "";
			projectRoot = "";
			targets = (
				7C1AA6252A2E229500A98922 /* 3m.6hw */,
			);
		};
/* End PBXProject section */

/* Begin PBXResourcesBuildPhase section */
		7C1AA6242A2E229500A98922 /* Resources */ = {
			isa = PBXResourcesBuildPhase;
			buildActionMask = 2147483647;
			files = (
				7C1AA6362A2E229600A98922 /* LaunchScreen.storyboard in Resources */,
				7C1AA6332A2E229600A98922 /* Assets.xcassets in Resources */,
			);
			runOnlyForDeploymentPostprocessing = 0;
		};
/* End PBXResourcesBuildPhase section */

/* Begin PBXShellScriptBuildPhase section */
		1F1CCA827A5DC13B04F74A06 /* [CP] Check Pods Manifest.lock */ = {
			isa = PBXShellScriptBuildPhase;
			buildActionMask = 2147483647;
			files = (
			);
			inputFileListPaths = (
			);
			inputPaths = (
				"${PODS_PODFILE_DIR_PATH}/Podfile.lock",
				"${PODS_ROOT}/Manifest.lock",
			);
			name = "[CP] Check Pods Manifest.lock";
			outputFileListPaths = (
			);
			outputPaths = (
				"$(DERIVED_FILE_DIR)/Pods-3m.6hw-checkManifestLockResult.txt",
			);
			runOnlyForDeploymentPostprocessing = 0;
			shellPath = /bin/sh;
			shellScript = "diff \"${PODS_PODFILE_DIR_PATH}/Podfile.lock\" \"${PODS_ROOT}/Manifest.lock\" > /dev/null\nif [ $? != 0 ] ; then\n    # print error to STDERR\n    echo \"error: The sandbox is not in sync with the Podfile.lock. Run 'pod install' or update your CocoaPods installation.\" >&2\n    exit 1\nfi\n# This output is used by Xcode 'outputs' to avoid re-running this script phase.\necho \"SUCCESS\" > \"${SCRIPT_OUTPUT_FILE_0}\"\n";
			showEnvVarsInLog = 0;
		};
		3D966DA59A92807AC8ECA701 /* [CP] Embed Pods Frameworks */ = {
			isa = PBXShellScriptBuildPhase;
			buildActionMask = 2147483647;
			files = (
			);
			inputFileListPaths = (
				"${PODS_ROOT}/Target Support Files/Pods-3m.6hw/Pods-3m.6hw-frameworks-${CONFIGURATION}-input-files.xcfilelist",
			);
			name = "[CP] Embed Pods Frameworks";
			outputFileListPaths = (
				"${PODS_ROOT}/Target Support Files/Pods-3m.6hw/Pods-3m.6hw-frameworks-${CONFIGURATION}-output-files.xcfilelist",
			);
			runOnlyForDeploymentPostprocessing = 0;
			shellPath = /bin/sh;
			shellScript = "\"${PODS_ROOT}/Target Support Files/Pods-3m.6hw/Pods-3m.6hw-frameworks.sh\"\n";
			showEnvVarsInLog = 0;
		};
/* End PBXShellScriptBuildPhase section */

/* Begin PBXSourcesBuildPhase section */
		7C1AA6222A2E229500A98922 /* Sources */ = {
			isa = PBXSourcesBuildPhase;
			buildActionMask = 2147483647;
			files = (
				7C1AA63F2A2E244100A98922 /* FgtPwdViewController.swift in Sources */,
				7C1AA6432A2E245C00A98922 /* FinalViewController.swift in Sources */,
				7C1AA6412A2E244D00A98922 /* RegisterViewController.swift in Sources */,
				7C1AA62E2A2E229500A98922 /* MainViewController.swift in Sources */,
				7C1AA62A2A2E229500A98922 /* AppDelegate.swift in Sources */,
				7C1AA62C2A2E229500A98922 /* SceneDelegate.swift in Sources */,
			);
			runOnlyForDeploymentPostprocessing = 0;
		};
/* End PBXSourcesBuildPhase section */

/* Begin PBXVariantGroup section */
		7C1AA6342A2E229600A98922 /* LaunchScreen.storyboard */ = {
			isa = PBXVariantGroup;
			children = (
				7C1AA6352A2E229600A98922 /* Base */,
			);
			name = LaunchScreen.storyboard;
			sourceTree = "<group>";
		};
/* End PBXVariantGroup section */

/* Begin XCBuildConfiguration section */
		7C1AA6382A2E229600A98922 /* Debug */ = {
			isa = XCBuildConfiguration;
			buildSettings = {
				ALWAYS_SEARCH_USER_PATHS = NO;
				CLANG_ANALYZER_NONNULL = YES;
				CLANG_ANALYZER_NUMBER_OBJECT_CONVERSION = YES_AGGRESSIVE;
				CLANG_CXX_LANGUAGE_STANDARD = "gnu++20";
				CLANG_ENABLE_MODULES = YES;
				CLANG_ENABLE_OBJC_ARC = YES;
				CLANG_ENABLE_OBJC_WEAK = YES;
				CLANG_WARN_BLOCK_CAPTURE_AUTORELEASING = YES;
				CLANG_WARN_BOOL_CONVERSION = YES;
				CLANG_WARN_COMMA = YES;
				CLANG_WARN_CONSTANT_CONVERSION = YES;
				CLANG_WARN_DEPRECATED_OBJC_IMPLEMENTATIONS = YES;
				CLANG_WARN_DIRECT_OBJC_ISA_USAGE = YES_ERROR;
				CLANG_WARN_DOCUMENTATION_COMMENTS = YES;
				CLANG_WARN_EMPTY_BODY = YES;
				CLANG_WARN_ENUM_CONVERSION = YES;
				CLANG_WARN_INFINITE_RECURSION = YES;
				CLANG_WARN_INT_CONVERSION = YES;
				CLANG_WARN_NON_LITERAL_NULL_CONVERSION = YES;
				CLANG_WARN_OBJC_IMPLICIT_RETAIN_SELF = YES;
				CLANG_WARN_OBJC_LITERAL_CONVERSION = YES;
				CLANG_WARN_OBJC_ROOT_CLASS = YES_ERROR;
				CLANG_WARN_QUOTED_INCLUDE_IN_FRAMEWORK_HEADER = YES;
				CLANG_WARN_RANGE_LOOP_ANALYSIS = YES;
				CLANG_WARN_STRICT_PROTOTYPES = YES;
				CLANG_WARN_SUSPICIOUS_MOVE = YES;
				CLANG_WARN_UNGUARDED_AVAILABILITY = YES_AGGRESSIVE;
				CLANG_WARN_UNREACHABLE_CODE = YES;
				CLANG_WARN__DUPLICATE_METHOD_MATCH = YES;
				COPY_PHASE_STRIP = NO;
				DEBUG_INFORMATION_FORMAT = dwarf;
				ENABLE_STRICT_OBJC_MSGSEND = YES;
				ENABLE_TESTABILITY = YES;
				GCC_C_LANGUAGE_STANDARD = gnu11;
				GCC_DYNAMIC_NO_PIC = NO;
				GCC_NO_COMMON_BLOCKS = YES;
				GCC_OPTIMIZATION_LEVEL = 0;
				GCC_PREPROCESSOR_DEFINITIONS = (
					"DEBUG=1",
					"$(inherited)",
				);
				GCC_WARN_64_TO_32_BIT_CONVERSION = YES;
				GCC_WARN_ABOUT_RETURN_TYPE = YES_ERROR;
				GCC_WARN_UNDECLARED_SELECTOR = YES;
				GCC_WARN_UNINITIALIZED_AUTOS = YES_AGGRESSIVE;
				GCC_WARN_UNUSED_FUNCTION = YES;
				GCC_WARN_UNUSED_VARIABLE = YES;
				IPHONEOS_DEPLOYMENT_TARGET = 16.4;
				MTL_ENABLE_DEBUG_INFO = INCLUDE_SOURCE;
				MTL_FAST_MATH = YES;
				ONLY_ACTIVE_ARCH = YES;
				SDKROOT = iphoneos;
				SWIFT_ACTIVE_COMPILATION_CONDITIONS = DEBUG;
				SWIFT_OPTIMIZATION_LEVEL = "-Onone";
			};
			name = Debug;
		};
		7C1AA6392A2E229600A98922 /* Release */ = {
			isa = XCBuildConfiguration;
			buildSettings = {
				ALWAYS_SEARCH_USER_PATHS = NO;
				CLANG_ANALYZER_NONNULL = YES;
				CLANG_ANALYZER_NUMBER_OBJECT_CONVERSION = YES_AGGRESSIVE;
				CLANG_CXX_LANGUAGE_STANDARD = "gnu++20";
				CLANG_ENABLE_MODULES = YES;
				CLANG_ENABLE_OBJC_ARC = YES;
				CLANG_ENABLE_OBJC_WEAK = YES;
				CLANG_WARN_BLOCK_CAPTURE_AUTORELEASING = YES;
				CLANG_WARN_BOOL_CONVERSION = YES;
				CLANG_WARN_COMMA = YES;
				CLANG_WARN_CONSTANT_CONVERSION = YES;
				CLANG_WARN_DEPRECATED_OBJC_IMPLEMENTATIONS = YES;
				CLANG_WARN_DIRECT_OBJC_ISA_USAGE = YES_ERROR;
				CLANG_WARN_DOCUMENTATION_COMMENTS = YES;
				CLANG_WARN_EMPTY_BODY = YES;
				CLANG_WARN_ENUM_CONVERSION = YES;
				CLANG_WARN_INFINITE_RECURSION = YES;
				CLANG_WARN_INT_CONVERSION = YES;
				CLANG_WARN_NON_LITERAL_NULL_CONVERSION = YES;
				CLANG_WARN_OBJC_IMPLICIT_RETAIN_SELF = YES;
				CLANG_WARN_OBJC_LITERAL_CONVERSION = YES;
				CLANG_WARN_OBJC_ROOT_CLASS = YES_ERROR;
				CLANG_WARN_QUOTED_INCLUDE_IN_FRAMEWORK_HEADER = YES;
				CLANG_WARN_RANGE_LOOP_ANALYSIS = YES;
				CLANG_WARN_STRICT_PROTOTYPES = YES;
				CLANG_WARN_SUSPICIOUS_MOVE = YES;
				CLANG_WARN_UNGUARDED_AVAILABILITY = YES_AGGRESSIVE;
				CLANG_WARN_UNREACHABLE_CODE = YES;
				CLANG_WARN__DUPLICATE_METHOD_MATCH = YES;
				COPY_PHASE_STRIP = NO;
				DEBUG_INFORMATION_FORMAT = "dwarf-with-dsym";
				ENABLE_NS_ASSERTIONS = NO;
				ENABLE_STRICT_OBJC_MSGSEND = YES;
				GCC_C_LANGUAGE_STANDARD = gnu11;
				GCC_NO_COMMON_BLOCKS = YES;
				GCC_WARN_64_TO_32_BIT_CONVERSION = YES;
				GCC_WARN_ABOUT_RETURN_TYPE = YES_ERROR;
				GCC_WARN_UNDECLARED_SELECTOR = YES;
				GCC_WARN_UNINITIALIZED_AUTOS = YES_AGGRESSIVE;
				GCC_WARN_UNUSED_FUNCTION = YES;
				GCC_WARN_UNUSED_VARIABLE = YES;
				IPHONEOS_DEPLOYMENT_TARGET = 16.4;
				MTL_ENABLE_DEBUG_INFO = NO;
				MTL_FAST_MATH = YES;
				SDKROOT = iphoneos;
				SWIFT_COMPILATION_MODE = wholemodule;
				SWIFT_OPTIMIZATION_LEVEL = "-O";
				VALIDATE_PRODUCT = YES;
			};
			name = Release;
		};
		7C1AA63B2A2E229600A98922 /* Debug */ = {
			isa = XCBuildConfiguration;
			baseConfigurationReference = AC4BB8387C15330398A35E4A /* Pods-3m.6hw.debug.xcconfig */;
			buildSettings = {
				ASSETCATALOG_COMPILER_APPICON_NAME = AppIcon;
				ASSETCATALOG_COMPILER_GLOBAL_ACCENT_COLOR_NAME = AccentColor;
				CODE_SIGN_STYLE = Automatic;
				CURRENT_PROJECT_VERSION = 1;
				GENERATE_INFOPLIST_FILE = YES;
				INFOPLIST_FILE = 3m.6hw/Info.plist;
				INFOPLIST_KEY_UIApplicationSupportsIndirectInputEvents = YES;
				INFOPLIST_KEY_UILaunchStoryboardName = LaunchScreen;
				INFOPLIST_KEY_UISupportedInterfaceOrientations_iPad = "UIInterfaceOrientationPortrait UIInterfaceOrientationPortraitUpsideDown UIInterfaceOrientationLandscapeLeft UIInterfaceOrientationLandscapeRight";
				INFOPLIST_KEY_UISupportedInterfaceOrientations_iPhone = "UIInterfaceOrientationPortrait UIInterfaceOrientationLandscapeLeft UIInterfaceOrientationLandscapeRight";
				LD_RUNPATH_SEARCH_PATHS = (
					"$(inherited)",
					"@executable_path/Frameworks",
				);
				MARKETING_VERSION = 1.0;
				PRODUCT_BUNDLE_IDENTIFIER = "meerim.-m-6hw";
				PRODUCT_NAME = "$(TARGET_NAME)";
				SWIFT_EMIT_LOC_STRINGS = YES;
				SWIFT_VERSION = 5.0;
				TARGETED_DEVICE_FAMILY = "1,2";
			};
			name = Debug;
		};
		7C1AA63C2A2E229600A98922 /* Release */ = {
			isa = XCBuildConfiguration;
			baseConfigurationReference = 87D7066B9987A3AC5D46D210 /* Pods-3m.6hw.release.xcconfig */;
			buildSettings = {
				ASSETCATALOG_COMPILER_APPICON_NAME = AppIcon;
				ASSETCATALOG_COMPILER_GLOBAL_ACCENT_COLOR_NAME = AccentColor;
				CODE_SIGN_STYLE = Automatic;
				CURRENT_PROJECT_VERSION = 1;
				GENERATE_INFOPLIST_FILE = YES;
				INFOPLIST_FILE = 3m.6hw/Info.plist;
				INFOPLIST_KEY_UIApplicationSupportsIndirectInputEvents = YES;
				INFOPLIST_KEY_UILaunchStoryboardName = LaunchScreen;
				INFOPLIST_KEY_UISupportedInterfaceOrientations_iPad = "UIInterfaceOrientationPortrait UIInterfaceOrientationPortraitUpsideDown UIInterfaceOrientationLandscapeLeft UIInterfaceOrientationLandscapeRight";
				INFOPLIST_KEY_UISupportedInterfaceOrientations_iPhone = "UIInterfaceOrientationPortrait UIInterfaceOrientationLandscapeLeft UIInterfaceOrientationLandscapeRight";
				LD_RUNPATH_SEARCH_PATHS = (
					"$(inherited)",
					"@executable_path/Frameworks",
				);
				MARKETING_VERSION = 1.0;
				PRODUCT_BUNDLE_IDENTIFIER = "meerim.-m-6hw";
				PRODUCT_NAME = "$(TARGET_NAME)";
				SWIFT_EMIT_LOC_STRINGS = YES;
				SWIFT_VERSION = 5.0;
				TARGETED_DEVICE_FAMILY = "1,2";
			};
			name = Release;
		};
/* End XCBuildConfiguration section */

/* Begin XCConfigurationList section */
		7C1AA6212A2E229500A98922 /* Build configuration list for PBXProject "3m.6hw" */ = {
			isa = XCConfigurationList;
			buildConfigurations = (
				7C1AA6382A2E229600A98922 /* Debug */,
				7C1AA6392A2E229600A98922 /* Release */,
			);
			defaultConfigurationIsVisible = 0;
			defaultConfigurationName = Release;
		};
		7C1AA63A2A2E229600A98922 /* Build configuration list for PBXNativeTarget "3m.6hw" */ = {
			isa = XCConfigurationList;
			buildConfigurations = (
				7C1AA63B2A2E229600A98922 /* Debug */,
				7C1AA63C2A2E229600A98922 /* Release */,
			);
			defaultConfigurationIsVisible = 0;
			defaultConfigurationName = Release;
		};
/* End XCConfigurationList section */
	};
	rootObject = 7C1AA61E2A2E229500A98922 /* Project object */;
}
